
Microsoft Visual Studio Solution File, Format Version 12.00
# Visual Studio Version 16
VisualStudioVersion = 16.0.28922.388
MinimumVisualStudioVersion = 10.0.40219.1
Project("{FAE04EC0-301F-11D3-BF4B-00C04F79EFBC}") = "PkgInstallTesterVer2", "PkgInstallTesterVer2\PkgInstallTesterVer2.csproj", "{71FA9118-60CF-490C-9A03-D96457E84893}"
EndProject
Global
	GlobalSection(SolutionConfigurationPlatforms) = preSolution
		Debug|Any CPU = Debug|Any CPU
		Release|Any CPU = Release|Any CPU
	EndGlobalSection
	GlobalSection(ProjectConfigurationPlatforms) = postSolution
		{71FA9118-60CF-490C-9A03-D96457E84893}.Debug|Any CPU.ActiveCfg = Debug|Any CPU
		{71FA9118-60CF-490C-9A03-D96457E84893}.Debug|Any CPU.Build.0 = Debug|Any CPU
		{71FA9118-60CF-490C-9A03-D96457E84893}.Release|Any CPU.ActiveCfg = Release|Any CPU
		{71FA9118-60CF-490C-9A03-D96457E84893}.Release|Any CPU.Build.0 = Release|Any CPU
	EndGlobalSection
	GlobalSection(SolutionProperties) = preSolution
		HideSolutionNode = FALSE
	EndGlobalSection
	GlobalSection(ExtensibilityGlobals) = postSolution
		SolutionGuid = {D22D38FE-7269-4348-B2AC-24045F4C5AAA}
	EndGlobalSection
EndGlobal
