
Microsoft Visual Studio Solution File, Format Version 12.00
# Visual Studio 15
VisualStudioVersion = 15.0.25422.0
MinimumVisualStudioVersion = 10.0.40219.1
Project("{FAE04EC0-301F-11D3-BF4B-00C04F79EFBC}") = "TeamCity.AgentAuthorizer", "TeamCity.AgentAuthorizer.csproj", "{49B7D3D4-2C18-40A1-94F4-AC8A94F51CA7}"
EndProject
Global
	GlobalSection(SolutionConfigurationPlatforms) = preSolution
		Debug|Any CPU = Debug|Any CPU
		Release|Any CPU = Release|Any CPU
	EndGlobalSection
	GlobalSection(ProjectConfigurationPlatforms) = postSolution
		{49B7D3D4-2C18-40A1-94F4-AC8A94F51CA7}.Debug|Any CPU.ActiveCfg = Debug|Any CPU
		{49B7D3D4-2C18-40A1-94F4-AC8A94F51CA7}.Debug|Any CPU.Build.0 = Debug|Any CPU
		{49B7D3D4-2C18-40A1-94F4-AC8A94F51CA7}.Release|Any CPU.ActiveCfg = Release|Any CPU
		{49B7D3D4-2C18-40A1-94F4-AC8A94F51CA7}.Release|Any CPU.Build.0 = Release|Any CPU
	EndGlobalSection
	GlobalSection(SolutionProperties) = preSolution
		HideSolutionNode = FALSE
	EndGlobalSection
EndGlobal
