
Microsoft Visual Studio Solution File, Format Version 12.00
# Visual Studio 15
VisualStudioVersion = 15.0.26717.1
MinimumVisualStudioVersion = 10.0.40219.1
Project("{FAE04EC0-301F-11D3-BF4B-00C04F79EFBC}") = "SqlPerf", "SqlPerf\SqlPerf.csproj", "{6D5F5204-79F2-4128-B535-A6FC854806AE}"
EndProject
Global
	GlobalSection(SolutionConfigurationPlatforms) = preSolution
		Debug|Any CPU = Debug|Any CPU
		Release|Any CPU = Release|Any CPU
	EndGlobalSection
	GlobalSection(ProjectConfigurationPlatforms) = postSolution
		{6D5F5204-79F2-4128-B535-A6FC854806AE}.Debug|Any CPU.ActiveCfg = Debug|Any CPU
		{6D5F5204-79F2-4128-B535-A6FC854806AE}.Debug|Any CPU.Build.0 = Debug|Any CPU
		{6D5F5204-79F2-4128-B535-A6FC854806AE}.Release|Any CPU.ActiveCfg = Release|Any CPU
		{6D5F5204-79F2-4128-B535-A6FC854806AE}.Release|Any CPU.Build.0 = Release|Any CPU
	EndGlobalSection
	GlobalSection(SolutionProperties) = preSolution
		HideSolutionNode = FALSE
	EndGlobalSection
	GlobalSection(ExtensibilityGlobals) = postSolution
		SolutionGuid = {760A95CF-DA23-4715-B4D3-7D5325A29659}
	EndGlobalSection
EndGlobal
