
Microsoft Visual Studio Solution File, Format Version 12.00
# Visual Studio Version 17
VisualStudioVersion = 17.10.34710.37
MinimumVisualStudioVersion = 10.0.40219.1
Project("{9A19103F-16F7-4668-BE54-9A1E7A4F7556}") = "A", "A\A.csproj", "{B25F30B3-124E-4699-A9E3-2D545935325C}"
EndProject
Project("{9A19103F-16F7-4668-BE54-9A1E7A4F7556}") = "B", "B\B.csproj", "{AA3E7BCF-C154-4223-B830-990E49E10A16}"
EndProject
Project("{9A19103F-16F7-4668-BE54-9A1E7A4F7556}") = "C", "C\C.csproj", "{F7CA5B91-DB63-4309-8DBC-64E712B93939}"
EndProject
Project("{9A19103F-16F7-4668-BE54-9A1E7A4F7556}") = "D", "D\D.csproj", "{8EBEDE85-309E-4C2C-BF6C-13DF5F9E9D88}"
EndProject
Project("{9A19103F-16F7-4668-BE54-9A1E7A4F7556}") = "E_V2", "E_V2\E_V2.csproj", "{19FC2958-3F12-48CC-857F-86B8B1DCA57C}"
EndProject
Project("{FAE04EC0-301F-11D3-BF4B-00C04F79EFBC}") = "F_V2", "F_V2\F_V2.csproj", "{BAB00C2A-9502-433A-AAD7-86174A6672FC}"
EndProject
Project("{FAE04EC0-301F-11D3-BF4B-00C04F79EFBC}") = "F_V1", "F_V1\F_V1.csproj", "{B6766F0B-D1DF-4014-8484-FBB3F6C1D90C}"
EndProject
Project("{FAE04EC0-301F-11D3-BF4B-00C04F79EFBC}") = "G_V2", "G_V2\G_V2.csproj", "{AABC3730-B755-40F6-BC5B-D2FFD611842C}"
EndProject
Project("{FAE04EC0-301F-11D3-BF4B-00C04F79EFBC}") = "H", "H\H.csproj", "{9C8EC951-3FE0-4B48-870A-873F4BE4B826}"
EndProject
Project("{FAE04EC0-301F-11D3-BF4B-00C04F79EFBC}") = "I", "I\I.csproj", "{95486671-89E6-4887-BB2E-41D7519881B5}"
EndProject
Project("{FAE04EC0-301F-11D3-BF4B-00C04F79EFBC}") = "J", "J\J.csproj", "{198D9E1F-E75A-448A-A6B2-5818BC622A0B}"
EndProject
Project("{FAE04EC0-301F-11D3-BF4B-00C04F79EFBC}") = "K", "K\K.csproj", "{04748469-E191-49A0-8D70-561A77449DA8}"
EndProject
Project("{FAE04EC0-301F-11D3-BF4B-00C04F79EFBC}") = "L_V2", "L_V2\L_V2.csproj", "{DC041CD6-656F-4BCF-86F7-6102B54253C7}"
EndProject
Project("{FAE04EC0-301F-11D3-BF4B-00C04F79EFBC}") = "L_V1", "L_V1\L_V1.csproj", "{54B86001-2FDA-4618-AC32-9A6611226802}"
EndProject
Project("{FAE04EC0-301F-11D3-BF4B-00C04F79EFBC}") = "M_V1", "M_V1\M_V1.csproj", "{1D0445A6-2682-487E-8592-3BBFEAD70FCC}"
EndProject
Project("{FAE04EC0-301F-11D3-BF4B-00C04F79EFBC}") = "M_V2", "M_V2\M_V2.csproj", "{DEFF216C-56AF-47B6-9D51-BF55D97FBBDF}"
EndProject
Project("{FAE04EC0-301F-11D3-BF4B-00C04F79EFBC}") = "N", "N\N.csproj", "{3B325292-F5DA-46BE-A285-107E91BFFDC4}"
EndProject
Global
	GlobalSection(SolutionConfigurationPlatforms) = preSolution
		Debug|Any CPU = Debug|Any CPU
		Release|Any CPU = Release|Any CPU
	EndGlobalSection
	GlobalSection(ProjectConfigurationPlatforms) = postSolution
		{B25F30B3-124E-4699-A9E3-2D545935325C}.Debug|Any CPU.ActiveCfg = Debug|Any CPU
		{B25F30B3-124E-4699-A9E3-2D545935325C}.Debug|Any CPU.Build.0 = Debug|Any CPU
		{B25F30B3-124E-4699-A9E3-2D545935325C}.Release|Any CPU.ActiveCfg = Release|Any CPU
		{B25F30B3-124E-4699-A9E3-2D545935325C}.Release|Any CPU.Build.0 = Release|Any CPU
		{AA3E7BCF-C154-4223-B830-990E49E10A16}.Debug|Any CPU.ActiveCfg = Debug|Any CPU
		{AA3E7BCF-C154-4223-B830-990E49E10A16}.Debug|Any CPU.Build.0 = Debug|Any CPU
		{AA3E7BCF-C154-4223-B830-990E49E10A16}.Release|Any CPU.ActiveCfg = Release|Any CPU
		{AA3E7BCF-C154-4223-B830-990E49E10A16}.Release|Any CPU.Build.0 = Release|Any CPU
		{F7CA5B91-DB63-4309-8DBC-64E712B93939}.Debug|Any CPU.ActiveCfg = Debug|Any CPU
		{F7CA5B91-DB63-4309-8DBC-64E712B93939}.Debug|Any CPU.Build.0 = Debug|Any CPU
		{F7CA5B91-DB63-4309-8DBC-64E712B93939}.Release|Any CPU.ActiveCfg = Release|Any CPU
		{F7CA5B91-DB63-4309-8DBC-64E712B93939}.Release|Any CPU.Build.0 = Release|Any CPU
		{8EBEDE85-309E-4C2C-BF6C-13DF5F9E9D88}.Debug|Any CPU.ActiveCfg = Debug|Any CPU
		{8EBEDE85-309E-4C2C-BF6C-13DF5F9E9D88}.Debug|Any CPU.Build.0 = Debug|Any CPU
		{8EBEDE85-309E-4C2C-BF6C-13DF5F9E9D88}.Release|Any CPU.ActiveCfg = Release|Any CPU
		{8EBEDE85-309E-4C2C-BF6C-13DF5F9E9D88}.Release|Any CPU.Build.0 = Release|Any CPU
		{19FC2958-3F12-48CC-857F-86B8B1DCA57C}.Debug|Any CPU.ActiveCfg = Debug|Any CPU
		{19FC2958-3F12-48CC-857F-86B8B1DCA57C}.Debug|Any CPU.Build.0 = Debug|Any CPU
		{19FC2958-3F12-48CC-857F-86B8B1DCA57C}.Release|Any CPU.ActiveCfg = Release|Any CPU
		{19FC2958-3F12-48CC-857F-86B8B1DCA57C}.Release|Any CPU.Build.0 = Release|Any CPU
		{BAB00C2A-9502-433A-AAD7-86174A6672FC}.Debug|Any CPU.ActiveCfg = Debug|Any CPU
		{BAB00C2A-9502-433A-AAD7-86174A6672FC}.Debug|Any CPU.Build.0 = Debug|Any CPU
		{BAB00C2A-9502-433A-AAD7-86174A6672FC}.Release|Any CPU.ActiveCfg = Release|Any CPU
		{BAB00C2A-9502-433A-AAD7-86174A6672FC}.Release|Any CPU.Build.0 = Release|Any CPU
		{B6766F0B-D1DF-4014-8484-FBB3F6C1D90C}.Debug|Any CPU.ActiveCfg = Debug|Any CPU
		{B6766F0B-D1DF-4014-8484-FBB3F6C1D90C}.Debug|Any CPU.Build.0 = Debug|Any CPU
		{B6766F0B-D1DF-4014-8484-FBB3F6C1D90C}.Release|Any CPU.ActiveCfg = Release|Any CPU
		{B6766F0B-D1DF-4014-8484-FBB3F6C1D90C}.Release|Any CPU.Build.0 = Release|Any CPU
		{AABC3730-B755-40F6-BC5B-D2FFD611842C}.Debug|Any CPU.ActiveCfg = Debug|Any CPU
		{AABC3730-B755-40F6-BC5B-D2FFD611842C}.Debug|Any CPU.Build.0 = Debug|Any CPU
		{AABC3730-B755-40F6-BC5B-D2FFD611842C}.Release|Any CPU.ActiveCfg = Release|Any CPU
		{AABC3730-B755-40F6-BC5B-D2FFD611842C}.Release|Any CPU.Build.0 = Release|Any CPU
		{9C8EC951-3FE0-4B48-870A-873F4BE4B826}.Debug|Any CPU.ActiveCfg = Debug|Any CPU
		{9C8EC951-3FE0-4B48-870A-873F4BE4B826}.Debug|Any CPU.Build.0 = Debug|Any CPU
		{9C8EC951-3FE0-4B48-870A-873F4BE4B826}.Release|Any CPU.ActiveCfg = Release|Any CPU
		{9C8EC951-3FE0-4B48-870A-873F4BE4B826}.Release|Any CPU.Build.0 = Release|Any CPU
		{95486671-89E6-4887-BB2E-41D7519881B5}.Debug|Any CPU.ActiveCfg = Debug|Any CPU
		{95486671-89E6-4887-BB2E-41D7519881B5}.Debug|Any CPU.Build.0 = Debug|Any CPU
		{95486671-89E6-4887-BB2E-41D7519881B5}.Release|Any CPU.ActiveCfg = Release|Any CPU
		{95486671-89E6-4887-BB2E-41D7519881B5}.Release|Any CPU.Build.0 = Release|Any CPU
		{198D9E1F-E75A-448A-A6B2-5818BC622A0B}.Debug|Any CPU.ActiveCfg = Debug|Any CPU
		{198D9E1F-E75A-448A-A6B2-5818BC622A0B}.Debug|Any CPU.Build.0 = Debug|Any CPU
		{198D9E1F-E75A-448A-A6B2-5818BC622A0B}.Release|Any CPU.ActiveCfg = Release|Any CPU
		{198D9E1F-E75A-448A-A6B2-5818BC622A0B}.Release|Any CPU.Build.0 = Release|Any CPU
		{04748469-E191-49A0-8D70-561A77449DA8}.Debug|Any CPU.ActiveCfg = Debug|Any CPU
		{04748469-E191-49A0-8D70-561A77449DA8}.Debug|Any CPU.Build.0 = Debug|Any CPU
		{04748469-E191-49A0-8D70-561A77449DA8}.Release|Any CPU.ActiveCfg = Release|Any CPU
		{04748469-E191-49A0-8D70-561A77449DA8}.Release|Any CPU.Build.0 = Release|Any CPU
		{DC041CD6-656F-4BCF-86F7-6102B54253C7}.Debug|Any CPU.ActiveCfg = Debug|Any CPU
		{DC041CD6-656F-4BCF-86F7-6102B54253C7}.Debug|Any CPU.Build.0 = Debug|Any CPU
		{DC041CD6-656F-4BCF-86F7-6102B54253C7}.Release|Any CPU.ActiveCfg = Release|Any CPU
		{DC041CD6-656F-4BCF-86F7-6102B54253C7}.Release|Any CPU.Build.0 = Release|Any CPU
		{54B86001-2FDA-4618-AC32-9A6611226802}.Debug|Any CPU.ActiveCfg = Debug|Any CPU
		{54B86001-2FDA-4618-AC32-9A6611226802}.Debug|Any CPU.Build.0 = Debug|Any CPU
		{54B86001-2FDA-4618-AC32-9A6611226802}.Release|Any CPU.ActiveCfg = Release|Any CPU
		{54B86001-2FDA-4618-AC32-9A6611226802}.Release|Any CPU.Build.0 = Release|Any CPU
		{1D0445A6-2682-487E-8592-3BBFEAD70FCC}.Debug|Any CPU.ActiveCfg = Debug|Any CPU
		{1D0445A6-2682-487E-8592-3BBFEAD70FCC}.Debug|Any CPU.Build.0 = Debug|Any CPU
		{1D0445A6-2682-487E-8592-3BBFEAD70FCC}.Release|Any CPU.ActiveCfg = Release|Any CPU
		{1D0445A6-2682-487E-8592-3BBFEAD70FCC}.Release|Any CPU.Build.0 = Release|Any CPU
		{DEFF216C-56AF-47B6-9D51-BF55D97FBBDF}.Debug|Any CPU.ActiveCfg = Debug|Any CPU
		{DEFF216C-56AF-47B6-9D51-BF55D97FBBDF}.Debug|Any CPU.Build.0 = Debug|Any CPU
		{DEFF216C-56AF-47B6-9D51-BF55D97FBBDF}.Release|Any CPU.ActiveCfg = Release|Any CPU
		{DEFF216C-56AF-47B6-9D51-BF55D97FBBDF}.Release|Any CPU.Build.0 = Release|Any CPU
		{3B325292-F5DA-46BE-A285-107E91BFFDC4}.Debug|Any CPU.ActiveCfg = Debug|Any CPU
		{3B325292-F5DA-46BE-A285-107E91BFFDC4}.Debug|Any CPU.Build.0 = Debug|Any CPU
		{3B325292-F5DA-46BE-A285-107E91BFFDC4}.Release|Any CPU.ActiveCfg = Release|Any CPU
		{3B325292-F5DA-46BE-A285-107E91BFFDC4}.Release|Any CPU.Build.0 = Release|Any CPU
	EndGlobalSection
	GlobalSection(SolutionProperties) = preSolution
		HideSolutionNode = FALSE
	EndGlobalSection
	GlobalSection(ExtensibilityGlobals) = postSolution
		SolutionGuid = {8F2CB360-BA7C-4E0D-B7DD-269BE83205C3}
	EndGlobalSection
EndGlobal
