
Microsoft Visual Studio Solution File, Format Version 12.00
# Visual Studio Version 16
VisualStudioVersion = 16.0.28827.37
MinimumVisualStudioVersion = 10.0.40219.1
Project("{FAE04EC0-301F-11D3-BF4B-00C04F79EFBC}") = "CopyRegistration", "CopyRegistration\CopyRegistration.csproj", "{838A3030-4D97-4880-9DDE-664C6F70AC4D}"
EndProject
Global
	GlobalSection(SolutionConfigurationPlatforms) = preSolution
		Debug|Any CPU = Debug|Any CPU
		Release|Any CPU = Release|Any CPU
	EndGlobalSection
	GlobalSection(ProjectConfigurationPlatforms) = postSolution
		{838A3030-4D97-4880-9DDE-664C6F70AC4D}.Debug|Any CPU.ActiveCfg = Debug|Any CPU
		{838A3030-4D97-4880-9DDE-664C6F70AC4D}.Debug|Any CPU.Build.0 = Debug|Any CPU
		{838A3030-4D97-4880-9DDE-664C6F70AC4D}.Release|Any CPU.ActiveCfg = Release|Any CPU
		{838A3030-4D97-4880-9DDE-664C6F70AC4D}.Release|Any CPU.Build.0 = Release|Any CPU
	EndGlobalSection
	GlobalSection(SolutionProperties) = preSolution
		HideSolutionNode = FALSE
	EndGlobalSection
	GlobalSection(ExtensibilityGlobals) = postSolution
		SolutionGuid = {47454CFE-712F-4A51-B00E-1E20A39C8775}
	EndGlobalSection
EndGlobal
