
Microsoft Visual Studio Solution File, Format Version 12.00
# Visual Studio Version 16
VisualStudioVersion = 16.0.29802.14
MinimumVisualStudioVersion = 10.0.40219.1
Project("{FAE04EC0-301F-11D3-BF4B-00C04F79EFBC}") = "GithubIssueTagger", "GithubIssueTagger.csproj", "{D7D76400-9586-4E27-9F06-CC2053D992C9}"
EndProject
Global
	GlobalSection(SolutionConfigurationPlatforms) = preSolution
		Debug|Any CPU = Debug|Any CPU
		Release|Any CPU = Release|Any CPU
	EndGlobalSection
	GlobalSection(ProjectConfigurationPlatforms) = postSolution
		{D7D76400-9586-4E27-9F06-CC2053D992C9}.Debug|Any CPU.ActiveCfg = Debug|Any CPU
		{D7D76400-9586-4E27-9F06-CC2053D992C9}.Debug|Any CPU.Build.0 = Debug|Any CPU
		{D7D76400-9586-4E27-9F06-CC2053D992C9}.Release|Any CPU.ActiveCfg = Release|Any CPU
		{D7D76400-9586-4E27-9F06-CC2053D992C9}.Release|Any CPU.Build.0 = Release|Any CPU
	EndGlobalSection
	GlobalSection(SolutionProperties) = preSolution
		HideSolutionNode = FALSE
	EndGlobalSection
	GlobalSection(ExtensibilityGlobals) = postSolution
		SolutionGuid = {4D26D83C-2C73-4013-8182-7D982E1C26C6}
	EndGlobalSection
EndGlobal
