Microsoft Visual Studio Solution File, Format Version 12.00
# Visual Studio Version 17
VisualStudioVersion = 17.5.2.0
MinimumVisualStudioVersion = 10.0.40219.1
Project("{FAE04EC0-301F-11D3-BF4B-00C04F79EFBC}") = "BaseTestPackage.McpServer", "BaseTestPackage.McpServer.csproj", "{7D11B33F-3A42-6DCD-F7DE-05290C8815F9}"
EndProject
Global
	GlobalSection(SolutionConfigurationPlatforms) = preSolution
		Debug|Any CPU = Debug|Any CPU
		Release|Any CPU = Release|Any CPU
	EndGlobalSection
	GlobalSection(ProjectConfigurationPlatforms) = postSolution
		{7D11B33F-3A42-6DCD-F7DE-05290C8815F9}.Debug|Any CPU.ActiveCfg = Debug|Any CPU
		{7D11B33F-3A42-6DCD-F7DE-05290C8815F9}.Debug|Any CPU.Build.0 = Debug|Any CPU
		{7D11B33F-3A42-6DCD-F7DE-05290C8815F9}.Release|Any CPU.ActiveCfg = Release|Any CPU
		{7D11B33F-3A42-6DCD-F7DE-05290C8815F9}.Release|Any CPU.Build.0 = Release|Any CPU
	EndGlobalSection
	GlobalSection(SolutionProperties) = preSolution
		HideSolutionNode = FALSE
	EndGlobalSection
	GlobalSection(ExtensibilityGlobals) = postSolution
		SolutionGuid = {804C2426-2B2F-4AEE-A1A9-990D6696275A}
	EndGlobalSection
EndGlobal
