
Microsoft Visual Studio Solution File, Format Version 12.00
# Visual Studio Version 17
VisualStudioVersion = 17.10.34710.37
MinimumVisualStudioVersion = 10.0.40219.1
Project("{9A19103F-16F7-4668-BE54-9A1E7A4F7556}") = "P1", "P1\P1.csproj", "{F0581AD6-4987-4DB2-9E09-6AED1BD60F4D}"
EndProject
Project("{9A19103F-16F7-4668-BE54-9A1E7A4F7556}") = "P2", "P2\P2.csproj", "{2AD59279-29C5-4F00-8F67-DCD086039BF5}"
EndProject
Project("{9A19103F-16F7-4668-BE54-9A1E7A4F7556}") = "P3", "P3\P3.csproj", "{7FB78E59-4599-458A-806E-05FCBDEF2F49}"
EndProject
Project("{9A19103F-16F7-4668-BE54-9A1E7A4F7556}") = "P4", "P4\P4.csproj", "{AEAF6F95-7612-45B6-B897-2E00D2D44017}"
EndProject
Project("{9A19103F-16F7-4668-BE54-9A1E7A4F7556}") = "P5", "P5\P5.csproj", "{220CB04B-9C90-4D67-A8A8-E89F3A55C7C8}"
EndProject
Project("{9A19103F-16F7-4668-BE54-9A1E7A4F7556}") = "P6", "P6\P6.csproj", "{01D0F968-75BD-41DB-9632-5E20C53E19E1}"
EndProject
Project("{9A19103F-16F7-4668-BE54-9A1E7A4F7556}") = "P7", "P7\P7.csproj", "{6D1B3D32-F86A-4E28-A4CE-420D13EB8726}"
EndProject
Project("{FAE04EC0-301F-11D3-BF4B-00C04F79EFBC}") = "P8", "P8\P8.csproj", "{237A9487-A1F4-4C60-BB13-D4D32288CA50}"
EndProject
Project("{FAE04EC0-301F-11D3-BF4B-00C04F79EFBC}") = "P9", "P9\P9.csproj", "{8BCA5148-7814-4089-965F-AA8C710588DC}"
EndProject
Project("{FAE04EC0-301F-11D3-BF4B-00C04F79EFBC}") = "P10", "P10\P10.csproj", "{50BD43EB-2081-492F-9145-3E8300ABE1A5}"
EndProject
Global
	GlobalSection(SolutionConfigurationPlatforms) = preSolution
		Debug|Any CPU = Debug|Any CPU
		Release|Any CPU = Release|Any CPU
	EndGlobalSection
	GlobalSection(ProjectConfigurationPlatforms) = postSolution
		{F0581AD6-4987-4DB2-9E09-6AED1BD60F4D}.Debug|Any CPU.ActiveCfg = Debug|Any CPU
		{F0581AD6-4987-4DB2-9E09-6AED1BD60F4D}.Debug|Any CPU.Build.0 = Debug|Any CPU
		{F0581AD6-4987-4DB2-9E09-6AED1BD60F4D}.Release|Any CPU.ActiveCfg = Release|Any CPU
		{F0581AD6-4987-4DB2-9E09-6AED1BD60F4D}.Release|Any CPU.Build.0 = Release|Any CPU
		{2AD59279-29C5-4F00-8F67-DCD086039BF5}.Debug|Any CPU.ActiveCfg = Debug|Any CPU
		{2AD59279-29C5-4F00-8F67-DCD086039BF5}.Debug|Any CPU.Build.0 = Debug|Any CPU
		{2AD59279-29C5-4F00-8F67-DCD086039BF5}.Release|Any CPU.ActiveCfg = Release|Any CPU
		{2AD59279-29C5-4F00-8F67-DCD086039BF5}.Release|Any CPU.Build.0 = Release|Any CPU
		{7FB78E59-4599-458A-806E-05FCBDEF2F49}.Debug|Any CPU.ActiveCfg = Debug|Any CPU
		{7FB78E59-4599-458A-806E-05FCBDEF2F49}.Debug|Any CPU.Build.0 = Debug|Any CPU
		{7FB78E59-4599-458A-806E-05FCBDEF2F49}.Release|Any CPU.ActiveCfg = Release|Any CPU
		{7FB78E59-4599-458A-806E-05FCBDEF2F49}.Release|Any CPU.Build.0 = Release|Any CPU
		{AEAF6F95-7612-45B6-B897-2E00D2D44017}.Debug|Any CPU.ActiveCfg = Debug|Any CPU
		{AEAF6F95-7612-45B6-B897-2E00D2D44017}.Debug|Any CPU.Build.0 = Debug|Any CPU
		{AEAF6F95-7612-45B6-B897-2E00D2D44017}.Release|Any CPU.ActiveCfg = Release|Any CPU
		{AEAF6F95-7612-45B6-B897-2E00D2D44017}.Release|Any CPU.Build.0 = Release|Any CPU
		{220CB04B-9C90-4D67-A8A8-E89F3A55C7C8}.Debug|Any CPU.ActiveCfg = Debug|Any CPU
		{220CB04B-9C90-4D67-A8A8-E89F3A55C7C8}.Debug|Any CPU.Build.0 = Debug|Any CPU
		{220CB04B-9C90-4D67-A8A8-E89F3A55C7C8}.Release|Any CPU.ActiveCfg = Release|Any CPU
		{220CB04B-9C90-4D67-A8A8-E89F3A55C7C8}.Release|Any CPU.Build.0 = Release|Any CPU
		{01D0F968-75BD-41DB-9632-5E20C53E19E1}.Debug|Any CPU.ActiveCfg = Debug|Any CPU
		{01D0F968-75BD-41DB-9632-5E20C53E19E1}.Debug|Any CPU.Build.0 = Debug|Any CPU
		{01D0F968-75BD-41DB-9632-5E20C53E19E1}.Release|Any CPU.ActiveCfg = Release|Any CPU
		{01D0F968-75BD-41DB-9632-5E20C53E19E1}.Release|Any CPU.Build.0 = Release|Any CPU
		{6D1B3D32-F86A-4E28-A4CE-420D13EB8726}.Debug|Any CPU.ActiveCfg = Debug|Any CPU
		{6D1B3D32-F86A-4E28-A4CE-420D13EB8726}.Debug|Any CPU.Build.0 = Debug|Any CPU
		{6D1B3D32-F86A-4E28-A4CE-420D13EB8726}.Release|Any CPU.ActiveCfg = Release|Any CPU
		{6D1B3D32-F86A-4E28-A4CE-420D13EB8726}.Release|Any CPU.Build.0 = Release|Any CPU
		{237A9487-A1F4-4C60-BB13-D4D32288CA50}.Debug|Any CPU.ActiveCfg = Debug|Any CPU
		{237A9487-A1F4-4C60-BB13-D4D32288CA50}.Debug|Any CPU.Build.0 = Debug|Any CPU
		{237A9487-A1F4-4C60-BB13-D4D32288CA50}.Release|Any CPU.ActiveCfg = Release|Any CPU
		{237A9487-A1F4-4C60-BB13-D4D32288CA50}.Release|Any CPU.Build.0 = Release|Any CPU
		{8BCA5148-7814-4089-965F-AA8C710588DC}.Debug|Any CPU.ActiveCfg = Debug|Any CPU
		{8BCA5148-7814-4089-965F-AA8C710588DC}.Debug|Any CPU.Build.0 = Debug|Any CPU
		{8BCA5148-7814-4089-965F-AA8C710588DC}.Release|Any CPU.ActiveCfg = Release|Any CPU
		{8BCA5148-7814-4089-965F-AA8C710588DC}.Release|Any CPU.Build.0 = Release|Any CPU
		{50BD43EB-2081-492F-9145-3E8300ABE1A5}.Debug|Any CPU.ActiveCfg = Debug|Any CPU
		{50BD43EB-2081-492F-9145-3E8300ABE1A5}.Debug|Any CPU.Build.0 = Debug|Any CPU
		{50BD43EB-2081-492F-9145-3E8300ABE1A5}.Release|Any CPU.ActiveCfg = Release|Any CPU
		{50BD43EB-2081-492F-9145-3E8300ABE1A5}.Release|Any CPU.Build.0 = Release|Any CPU
	EndGlobalSection
	GlobalSection(SolutionProperties) = preSolution
		HideSolutionNode = FALSE
	EndGlobalSection
	GlobalSection(ExtensibilityGlobals) = postSolution
		SolutionGuid = {33EC1B03-E1E6-4C2F-AF91-071161403264}
	EndGlobalSection
EndGlobal
