
Microsoft Visual Studio Solution File, Format Version 12.00
# Visual Studio Version 17
VisualStudioVersion = 17.4.32708.385
MinimumVisualStudioVersion = 10.0.40219.1
Project("{9A19103F-16F7-4668-BE54-9A1E7A4F7556}") = "NuGet.GithubEventHandler", "NuGet.GithubEventHandler\NuGet.GithubEventHandler.csproj", "{71E761A8-1F72-41C1-9892-72ADEC8A8772}"
EndProject
Project("{2150E333-8FDC-42A3-9474-1A3956D46DE8}") = "Solution Items", "Solution Items", "{8663A1F9-904F-43EB-8AE0-AD114984E456}"
	ProjectSection(SolutionItems) = preProject
		Directory.Packages.props = Directory.Packages.props
		nuget.config = nuget.config
		readme.md = readme.md
	EndProjectSection
EndProject
Project("{9A19103F-16F7-4668-BE54-9A1E7A4F7556}") = "NuGet.GithubEventHandler.Tests", "NuGet.GithubEventHandler.Tests\NuGet.GithubEventHandler.Tests.csproj", "{F6D91DF6-2437-410F-9580-BB3F806C4A67}"
EndProject
Global
	GlobalSection(SolutionConfigurationPlatforms) = preSolution
		Debug|Any CPU = Debug|Any CPU
		Release|Any CPU = Release|Any CPU
	EndGlobalSection
	GlobalSection(ProjectConfigurationPlatforms) = postSolution
		{71E761A8-1F72-41C1-9892-72ADEC8A8772}.Debug|Any CPU.ActiveCfg = Debug|Any CPU
		{71E761A8-1F72-41C1-9892-72ADEC8A8772}.Debug|Any CPU.Build.0 = Debug|Any CPU
		{71E761A8-1F72-41C1-9892-72ADEC8A8772}.Release|Any CPU.ActiveCfg = Release|Any CPU
		{71E761A8-1F72-41C1-9892-72ADEC8A8772}.Release|Any CPU.Build.0 = Release|Any CPU
		{F6D91DF6-2437-410F-9580-BB3F806C4A67}.Debug|Any CPU.ActiveCfg = Debug|Any CPU
		{F6D91DF6-2437-410F-9580-BB3F806C4A67}.Debug|Any CPU.Build.0 = Debug|Any CPU
		{F6D91DF6-2437-410F-9580-BB3F806C4A67}.Release|Any CPU.ActiveCfg = Release|Any CPU
		{F6D91DF6-2437-410F-9580-BB3F806C4A67}.Release|Any CPU.Build.0 = Release|Any CPU
	EndGlobalSection
	GlobalSection(SolutionProperties) = preSolution
		HideSolutionNode = FALSE
	EndGlobalSection
	GlobalSection(ExtensibilityGlobals) = postSolution
		SolutionGuid = {AC5EAD35-87CF-41E1-990E-5586DA537BFA}
	EndGlobalSection
EndGlobal
