
Microsoft Visual Studio Solution File, Format Version 12.00
# Visual Studio Version 17
VisualStudioVersion = 17.4.32708.385
MinimumVisualStudioVersion = 10.0.40219.1
Project("{9A19103F-16F7-4668-BE54-9A1E7A4F7556}") = "NuGet.GithubEventHandler", "NuGet.GithubEventHandler\NuGet.GithubEventHandler.csproj", "{71E761A8-1F72-41C1-9892-72ADEC8A8772}"
EndProject
Global
	GlobalSection(SolutionConfigurationPlatforms) = preSolution
		Debug|Any CPU = Debug|Any CPU
		Release|Any CPU = Release|Any CPU
	EndGlobalSection
	GlobalSection(ProjectConfigurationPlatforms) = postSolution
		{71E761A8-1F72-41C1-9892-72ADEC8A8772}.Debug|Any CPU.ActiveCfg = Debug|Any CPU
		{71E761A8-1F72-41C1-9892-72ADEC8A8772}.Debug|Any CPU.Build.0 = Debug|Any CPU
		{71E761A8-1F72-41C1-9892-72ADEC8A8772}.Release|Any CPU.ActiveCfg = Release|Any CPU
		{71E761A8-1F72-41C1-9892-72ADEC8A8772}.Release|Any CPU.Build.0 = Release|Any CPU
	EndGlobalSection
	GlobalSection(SolutionProperties) = preSolution
		HideSolutionNode = FALSE
	EndGlobalSection
	GlobalSection(ExtensibilityGlobals) = postSolution
		SolutionGuid = {AC5EAD35-87CF-41E1-990E-5586DA537BFA}
	EndGlobalSection
EndGlobal
