
Microsoft Visual Studio Solution File, Format Version 12.00
# Visual Studio Version 16
VisualStudioVersion = 16.0.31129.286
MinimumVisualStudioVersion = 10.0.40219.1
Project("{9A19103F-16F7-4668-BE54-9A1E7A4F7556}") = "LocProjectValidator", "LocProjectValidator.csproj", "{B0799C83-6D7A-4F97-BD80-95C01581006C}"
EndProject
Global
	GlobalSection(SolutionConfigurationPlatforms) = preSolution
		Debug|Any CPU = Debug|Any CPU
		Release|Any CPU = Release|Any CPU
	EndGlobalSection
	GlobalSection(ProjectConfigurationPlatforms) = postSolution
		{B0799C83-6D7A-4F97-BD80-95C01581006C}.Debug|Any CPU.ActiveCfg = Debug|Any CPU
		{B0799C83-6D7A-4F97-BD80-95C01581006C}.Debug|Any CPU.Build.0 = Debug|Any CPU
		{B0799C83-6D7A-4F97-BD80-95C01581006C}.Release|Any CPU.ActiveCfg = Release|Any CPU
		{B0799C83-6D7A-4F97-BD80-95C01581006C}.Release|Any CPU.Build.0 = Release|Any CPU
	EndGlobalSection
	GlobalSection(SolutionProperties) = preSolution
		HideSolutionNode = FALSE
	EndGlobalSection
	GlobalSection(ExtensibilityGlobals) = postSolution
		SolutionGuid = {5D06D161-968E-45B5-B706-80B0F1D96938}
	EndGlobalSection
EndGlobal
