
Microsoft Visual Studio Solution File, Format Version 12.00
# Visual Studio Version 17
VisualStudioVersion = 17.4.32721.557
MinimumVisualStudioVersion = 10.0.40219.1
Project("{9A19103F-16F7-4668-BE54-9A1E7A4F7556}") = "MakeTestCert", "MakeTestCert.csproj", "{E855E1BD-F47A-4E0B-988C-6AABF674888B}"
EndProject
Project("{2150E333-8FDC-42A3-9474-1A3956D46DE8}") = "Solution Items", "Solution Items", "{3C0F6001-D836-4232-B164-295E85F2A064}"
	ProjectSection(SolutionItems) = preProject
		.editorconfig = .editorconfig
	EndProjectSection
EndProject
Global
	GlobalSection(SolutionConfigurationPlatforms) = preSolution
		Debug|Any CPU = Debug|Any CPU
		Release|Any CPU = Release|Any CPU
	EndGlobalSection
	GlobalSection(ProjectConfigurationPlatforms) = postSolution
		{E855E1BD-F47A-4E0B-988C-6AABF674888B}.Debug|Any CPU.ActiveCfg = Debug|Any CPU
		{E855E1BD-F47A-4E0B-988C-6AABF674888B}.Debug|Any CPU.Build.0 = Debug|Any CPU
		{E855E1BD-F47A-4E0B-988C-6AABF674888B}.Release|Any CPU.ActiveCfg = Release|Any CPU
		{E855E1BD-F47A-4E0B-988C-6AABF674888B}.Release|Any CPU.Build.0 = Release|Any CPU
	EndGlobalSection
	GlobalSection(SolutionProperties) = preSolution
		HideSolutionNode = FALSE
	EndGlobalSection
	GlobalSection(ExtensibilityGlobals) = postSolution
		SolutionGuid = {8C8B5DF0-C553-469C-ABFD-D1658B285BEF}
	EndGlobalSection
EndGlobal
