
Microsoft Visual Studio Solution File, Format Version 12.00
# Visual Studio Version 17
VisualStudioVersion = 17.10.34616.152
MinimumVisualStudioVersion = 10.0.40219.1
Project("{FAE04EC0-301F-11D3-BF4B-00C04F79EFBC}") = "filebackedserver", "filebackedserver\filebackedserver.csproj", "{AE065439-B8C1-480C-BC50-3C4FD0F7A2CC}"
EndProject
Global
	GlobalSection(SolutionConfigurationPlatforms) = preSolution
		Debug|Any CPU = Debug|Any CPU
		Release|Any CPU = Release|Any CPU
	EndGlobalSection
	GlobalSection(ProjectConfigurationPlatforms) = postSolution
		{AE065439-B8C1-480C-BC50-3C4FD0F7A2CC}.Debug|Any CPU.ActiveCfg = Debug|Any CPU
		{AE065439-B8C1-480C-BC50-3C4FD0F7A2CC}.Debug|Any CPU.Build.0 = Debug|Any CPU
		{AE065439-B8C1-480C-BC50-3C4FD0F7A2CC}.Release|Any CPU.ActiveCfg = Release|Any CPU
		{AE065439-B8C1-480C-BC50-3C4FD0F7A2CC}.Release|Any CPU.Build.0 = Release|Any CPU
	EndGlobalSection
	GlobalSection(SolutionProperties) = preSolution
		HideSolutionNode = FALSE
	EndGlobalSection
	GlobalSection(ExtensibilityGlobals) = postSolution
		SolutionGuid = {AB7FAB02-6CD3-4D84-8896-246923DEE2C5}
	EndGlobalSection
EndGlobal
