
Microsoft Visual Studio Solution File, Format Version 12.00
# Visual Studio Version 16
VisualStudioVersion = 16.0.29229.4
MinimumVisualStudioVersion = 10.0.40219.1
Project("{FAE04EC0-301F-11D3-BF4B-00C04F79EFBC}") = "PackageWithSymbols", "PackageWithSymbols\PackageWithSymbols.csproj", "{8714DDEC-8073-4EA7-A0EA-4FB9EECA6946}"
EndProject
Global
	GlobalSection(SolutionConfigurationPlatforms) = preSolution
		Debug|Any CPU = Debug|Any CPU
		Release|Any CPU = Release|Any CPU
	EndGlobalSection
	GlobalSection(ProjectConfigurationPlatforms) = postSolution
		{8714DDEC-8073-4EA7-A0EA-4FB9EECA6946}.Debug|Any CPU.ActiveCfg = Debug|Any CPU
		{8714DDEC-8073-4EA7-A0EA-4FB9EECA6946}.Debug|Any CPU.Build.0 = Debug|Any CPU
		{8714DDEC-8073-4EA7-A0EA-4FB9EECA6946}.Release|Any CPU.ActiveCfg = Release|Any CPU
		{8714DDEC-8073-4EA7-A0EA-4FB9EECA6946}.Release|Any CPU.Build.0 = Release|Any CPU
	EndGlobalSection
	GlobalSection(SolutionProperties) = preSolution
		HideSolutionNode = FALSE
	EndGlobalSection
	GlobalSection(ExtensibilityGlobals) = postSolution
		SolutionGuid = {8C390D3C-C602-41F3-8FDC-94F3F5BF6E55}
	EndGlobalSection
EndGlobal
