
Microsoft Visual Studio Solution File, Format Version 12.00
# Visual Studio Version 16
VisualStudioVersion = 16.0.30002.214
MinimumVisualStudioVersion = 10.0.40219.1
Project("{9A19103F-16F7-4668-BE54-9A1E7A4F7556}") = "SymbolEgressTest", "SymbolEgressTest\SymbolEgressTest.csproj", "{0F4A802B-202A-4144-88F7-FA1C17D445A0}"
EndProject
Global
	GlobalSection(SolutionConfigurationPlatforms) = preSolution
		Debug|Any CPU = Debug|Any CPU
		Release|Any CPU = Release|Any CPU
	EndGlobalSection
	GlobalSection(ProjectConfigurationPlatforms) = postSolution
		{0F4A802B-202A-4144-88F7-FA1C17D445A0}.Debug|Any CPU.ActiveCfg = Debug|Any CPU
		{0F4A802B-202A-4144-88F7-FA1C17D445A0}.Debug|Any CPU.Build.0 = Debug|Any CPU
		{0F4A802B-202A-4144-88F7-FA1C17D445A0}.Release|Any CPU.ActiveCfg = Release|Any CPU
		{0F4A802B-202A-4144-88F7-FA1C17D445A0}.Release|Any CPU.Build.0 = Release|Any CPU
	EndGlobalSection
	GlobalSection(SolutionProperties) = preSolution
		HideSolutionNode = FALSE
	EndGlobalSection
	GlobalSection(ExtensibilityGlobals) = postSolution
		SolutionGuid = {B96A5F84-3BD6-4730-9E65-CE06C1557327}
	EndGlobalSection
EndGlobal
